
Microsoft Visual Studio Solution File, Format Version 12.00
# Visual Studio Version 17
VisualStudioVersion = 17.9.34616.47
MinimumVisualStudioVersion = 10.0.40219.1
Project("{F184B08F-C81C-45F6-A57F-5ABD9991F28F}") = "folderfixed", "folderfixed.vbproj", "{988AF3F9-6DE3-4686-A435-0AB3C3B72C55}"
EndProject
Global
	GlobalSection(SolutionConfigurationPlatforms) = preSolution
		Debug|Any CPU = Debug|Any CPU
		Release|Any CPU = Release|Any CPU
	EndGlobalSection
	GlobalSection(ProjectConfigurationPlatforms) = postSolution
		{988AF3F9-6DE3-4686-A435-0AB3C3B72C55}.Debug|Any CPU.ActiveCfg = Debug|Any CPU
		{988AF3F9-6DE3-4686-A435-0AB3C3B72C55}.Debug|Any CPU.Build.0 = Debug|Any CPU
		{988AF3F9-6DE3-4686-A435-0AB3C3B72C55}.Release|Any CPU.ActiveCfg = Release|Any CPU
		{988AF3F9-6DE3-4686-A435-0AB3C3B72C55}.Release|Any CPU.Build.0 = Release|Any CPU
	EndGlobalSection
	GlobalSection(SolutionProperties) = preSolution
		HideSolutionNode = FALSE
	EndGlobalSection
	GlobalSection(ExtensibilityGlobals) = postSolution
		SolutionGuid = {49F13C1B-4B22-4BE2-BE3C-D8953B25BC42}
	EndGlobalSection
EndGlobal
